PODS:
  - DCKeyValueObjectMapping (1.5)
  - FMDB (2.5):
    - FMDB/standard (= 2.5)
  - FMDB/common (2.5)
  - FMDB/standard (2.5):
    - FMDB/common

DEPENDENCIES:
  - DCKeyValueObjectMapping
  - FMDB

SPEC CHECKSUMS:
  DCKeyValueObjectMapping: c2eb5a6529da100b2e49ef6a599663578051f077
  FMDB: 96e8f1bcc1329e269330f99770ad4285d9003e52

COCOAPODS: 0.39.0
